
Microsoft Visual Studio Solution File, Format Version 12.00
# Visual Studio Version 17
VisualStudioVersion = 17.7.34031.279
MinimumVisualStudioVersion = 10.0.40219.1
Project("{F184B08F-C81C-45F6-A57F-5ABD9991F28F}") = "aplicacion", "aplicacion\aplicacion.vbproj", "{0359CCF6-2FE7-4C43-9614-52732B4E8A21}"
EndProject
Global
	GlobalSection(SolutionConfigurationPlatforms) = preSolution
		Debug|Any CPU = Debug|Any CPU
		Release|Any CPU = Release|Any CPU
	EndGlobalSection
	GlobalSection(ProjectConfigurationPlatforms) = postSolution
		{0359CCF6-2FE7-4C43-9614-52732B4E8A21}.Debug|Any CPU.ActiveCfg = Debug|Any CPU
		{0359CCF6-2FE7-4C43-9614-52732B4E8A21}.Debug|Any CPU.Build.0 = Debug|Any CPU
		{0359CCF6-2FE7-4C43-9614-52732B4E8A21}.Release|Any CPU.ActiveCfg = Release|Any CPU
		{0359CCF6-2FE7-4C43-9614-52732B4E8A21}.Release|Any CPU.Build.0 = Release|Any CPU
	EndGlobalSection
	GlobalSection(SolutionProperties) = preSolution
		HideSolutionNode = FALSE
	EndGlobalSection
	GlobalSection(ExtensibilityGlobals) = postSolution
		SolutionGuid = {362D3B9E-A4C8-4F8D-A948-3DEA1F1118D9}
	EndGlobalSection
EndGlobal
